
Microsoft Visual Studio Solution File, Format Version 12.00
# Visual Studio Version 17
VisualStudioVersion = 17.5.002.0
MinimumVisualStudioVersion = 10.0.40219.1
Project("{9A19103F-16F7-4668-BE54-9A1E7A4F7556}") = "gs1", "gs1\gs1.csproj", "{6115C49E-E309-416F-A171-F9CB204A8AFC}"
EndProject
Global
	GlobalSection(SolutionConfigurationPlatforms) = preSolution
		Debug|Any CPU = Debug|Any CPU
		Release|Any CPU = Release|Any CPU
	EndGlobalSection
	GlobalSection(ProjectConfigurationPlatforms) = postSolution
		{6115C49E-E309-416F-A171-F9CB204A8AFC}.Debug|Any CPU.ActiveCfg = Debug|Any CPU
		{6115C49E-E309-416F-A171-F9CB204A8AFC}.Debug|Any CPU.Build.0 = Debug|Any CPU
		{6115C49E-E309-416F-A171-F9CB204A8AFC}.Release|Any CPU.ActiveCfg = Release|Any CPU
		{6115C49E-E309-416F-A171-F9CB204A8AFC}.Release|Any CPU.Build.0 = Release|Any CPU
	EndGlobalSection
	GlobalSection(SolutionProperties) = preSolution
		HideSolutionNode = FALSE
	EndGlobalSection
	GlobalSection(ExtensibilityGlobals) = postSolution
		SolutionGuid = {EA6D01F5-99CA-4FCF-9197-7F27D083777D}
	EndGlobalSection
EndGlobal
